
Microsoft Visual Studio Solution File, Format Version 12.00
# Visual Studio Version 17
VisualStudioVersion = 17.1.32319.34
MinimumVisualStudioVersion = 10.0.40219.1
Project("{13B669BE-BB05-4DDF-9536-439F39A36129}") = "GameChangersFinal", "GameChangersFinal.phpproj", "{D037108C-9B8E-41E0-9250-B63FBAF117DD}"
EndProject
Global
	GlobalSection(SolutionConfigurationPlatforms) = preSolution
		Debug|Any CPU = Debug|Any CPU
		Release|Any CPU = Release|Any CPU
	EndGlobalSection
	GlobalSection(ProjectConfigurationPlatforms) = postSolution
		{D037108C-9B8E-41E0-9250-B63FBAF117DD}.Debug|Any CPU.ActiveCfg = Debug|Any CPU
		{D037108C-9B8E-41E0-9250-B63FBAF117DD}.Debug|Any CPU.Build.0 = Debug|Any CPU
		{D037108C-9B8E-41E0-9250-B63FBAF117DD}.Release|Any CPU.ActiveCfg = Release|Any CPU
		{D037108C-9B8E-41E0-9250-B63FBAF117DD}.Release|Any CPU.Build.0 = Release|Any CPU
	EndGlobalSection
	GlobalSection(SolutionProperties) = preSolution
		HideSolutionNode = FALSE
	EndGlobalSection
	GlobalSection(ExtensibilityGlobals) = postSolution
		SolutionGuid = {4699E545-2527-4831-99F8-17EF19C6B4E1}
	EndGlobalSection
EndGlobal
